
Microsoft Visual Studio Solution File, Format Version 12.00
# Visual Studio Version 16
VisualStudioVersion = 16.0.32510.428
MinimumVisualStudioVersion = 10.0.40219.1
Project("{2150E333-8FDC-42A3-9474-1A3956D46DE8}") = "Solution Items", "Solution Items", "{C88D6114-A39E-4BA5-8CB8-1FD6F0096A7E}"
	ProjectSection(SolutionItems) = preProject
		QL_NhaThuocTay.vsmdi = QL_NhaThuocTay.vsmdi
		TestSettings1.testsettings = TestSettings1.testsettings
	EndProjectSection
EndProject
Project("{FAE04EC0-301F-11D3-BF4B-00C04F79EFBC}") = "QL_NhaThuocTay", "QL_NhaThuocTay\QL_NhaThuocTay.csproj", "{C5187DF9-8CA3-4EC2-ABA0-B4A63E679286}"
EndProject
Project("{FAE04EC0-301F-11D3-BF4B-00C04F79EFBC}") = "TestBanHang", "TestBanHang\TestBanHang.csproj", "{BC2EFAAF-A8FF-44D9-8C8A-0A8268D0D80E}"
EndProject
Global
	GlobalSection(SolutionConfigurationPlatforms) = preSolution
		Debug|Any CPU = Debug|Any CPU
		Release|Any CPU = Release|Any CPU
	EndGlobalSection
	GlobalSection(ProjectConfigurationPlatforms) = postSolution
		{C5187DF9-8CA3-4EC2-ABA0-B4A63E679286}.Debug|Any CPU.ActiveCfg = Debug|Any CPU
		{C5187DF9-8CA3-4EC2-ABA0-B4A63E679286}.Debug|Any CPU.Build.0 = Debug|Any CPU
		{C5187DF9-8CA3-4EC2-ABA0-B4A63E679286}.Release|Any CPU.ActiveCfg = Release|Any CPU
		{C5187DF9-8CA3-4EC2-ABA0-B4A63E679286}.Release|Any CPU.Build.0 = Release|Any CPU
		{BC2EFAAF-A8FF-44D9-8C8A-0A8268D0D80E}.Debug|Any CPU.ActiveCfg = Debug|Any CPU
		{BC2EFAAF-A8FF-44D9-8C8A-0A8268D0D80E}.Debug|Any CPU.Build.0 = Debug|Any CPU
		{BC2EFAAF-A8FF-44D9-8C8A-0A8268D0D80E}.Release|Any CPU.ActiveCfg = Release|Any CPU
		{BC2EFAAF-A8FF-44D9-8C8A-0A8268D0D80E}.Release|Any CPU.Build.0 = Release|Any CPU
	EndGlobalSection
	GlobalSection(SolutionProperties) = preSolution
		HideSolutionNode = FALSE
	EndGlobalSection
	GlobalSection(ExtensibilityGlobals) = postSolution
		SolutionGuid = {685C296B-DE5F-4FC1-98CD-B3AD6E9A2EEB}
	EndGlobalSection
	GlobalSection(TestCaseManagementSettings) = postSolution
		CategoryFile = QL_NhaThuocTay.vsmdi
	EndGlobalSection
EndGlobal
